
Microsoft Visual Studio Solution File, Format Version 12.00
# Visual Studio Version 17
VisualStudioVersion = 17.0.32112.339
MinimumVisualStudioVersion = 10.0.40219.1
Project("{FAE04EC0-301F-11D3-BF4B-00C04F79EFBC}") = "eTickets", "eTickets.csproj", "{ABA0FE18-5976-4391-8F4C-3C8ED9A17433}"
EndProject
Global
	GlobalSection(SolutionConfigurationPlatforms) = preSolution
		Debug|Any CPU = Debug|Any CPU
		Release|Any CPU = Release|Any CPU
	EndGlobalSection
	GlobalSection(ProjectConfigurationPlatforms) = postSolution
		{ABA0FE18-5976-4391-8F4C-3C8ED9A17433}.Debug|Any CPU.ActiveCfg = Debug|Any CPU
		{ABA0FE18-5976-4391-8F4C-3C8ED9A17433}.Debug|Any CPU.Build.0 = Debug|Any CPU
		{ABA0FE18-5976-4391-8F4C-3C8ED9A17433}.Release|Any CPU.ActiveCfg = Release|Any CPU
		{ABA0FE18-5976-4391-8F4C-3C8ED9A17433}.Release|Any CPU.Build.0 = Release|Any CPU
	EndGlobalSection
	GlobalSection(SolutionProperties) = preSolution
		HideSolutionNode = FALSE
	EndGlobalSection
	GlobalSection(ExtensibilityGlobals) = postSolution
		SolutionGuid = {F659F471-5546-47A1-B933-45626CC11933}
	EndGlobalSection
EndGlobal
